
Microsoft Visual Studio Solution File, Format Version 12.00
# Visual Studio Version 16
VisualStudioVersion = 16.0.31424.327
MinimumVisualStudioVersion = 10.0.40219.1
Project("{FAE04EC0-301F-11D3-BF4B-00C04F79EFBC}") = "MonsterTournament", "MonsterTournament\MonsterTournament.csproj", "{7CD56B98-1E5B-4A3C-911A-1CFC093AC331}"
EndProject
Global
	GlobalSection(SolutionConfigurationPlatforms) = preSolution
		Debug|Any CPU = Debug|Any CPU
		Release|Any CPU = Release|Any CPU
	EndGlobalSection
	GlobalSection(ProjectConfigurationPlatforms) = postSolution
		{7CD56B98-1E5B-4A3C-911A-1CFC093AC331}.Debug|Any CPU.ActiveCfg = Debug|Any CPU
		{7CD56B98-1E5B-4A3C-911A-1CFC093AC331}.Debug|Any CPU.Build.0 = Debug|Any CPU
		{7CD56B98-1E5B-4A3C-911A-1CFC093AC331}.Release|Any CPU.ActiveCfg = Release|Any CPU
		{7CD56B98-1E5B-4A3C-911A-1CFC093AC331}.Release|Any CPU.Build.0 = Release|Any CPU
	EndGlobalSection
	GlobalSection(SolutionProperties) = preSolution
		HideSolutionNode = FALSE
	EndGlobalSection
	GlobalSection(ExtensibilityGlobals) = postSolution
		SolutionGuid = {53A23E4B-57D0-460D-A5C6-5D602A72C76D}
	EndGlobalSection
EndGlobal
