
Microsoft Visual Studio Solution File, Format Version 12.00
# Visual Studio Version 16
VisualStudioVersion = 16.0.31321.278
MinimumVisualStudioVersion = 10.0.40219.1
Project("{FAE04EC0-301F-11D3-BF4B-00C04F79EFBC}") = "MonsterTournament", "MonsterTournament\MonsterTournament.csproj", "{5EC37125-295F-4D85-84B4-D4FDD6AC0D46}"
EndProject
Global
	GlobalSection(SolutionConfigurationPlatforms) = preSolution
		Debug|Any CPU = Debug|Any CPU
		Release|Any CPU = Release|Any CPU
	EndGlobalSection
	GlobalSection(ProjectConfigurationPlatforms) = postSolution
		{5EC37125-295F-4D85-84B4-D4FDD6AC0D46}.Debug|Any CPU.ActiveCfg = Debug|Any CPU
		{5EC37125-295F-4D85-84B4-D4FDD6AC0D46}.Debug|Any CPU.Build.0 = Debug|Any CPU
		{5EC37125-295F-4D85-84B4-D4FDD6AC0D46}.Release|Any CPU.ActiveCfg = Release|Any CPU
		{5EC37125-295F-4D85-84B4-D4FDD6AC0D46}.Release|Any CPU.Build.0 = Release|Any CPU
	EndGlobalSection
	GlobalSection(SolutionProperties) = preSolution
		HideSolutionNode = FALSE
	EndGlobalSection
	GlobalSection(ExtensibilityGlobals) = postSolution
		SolutionGuid = {9CB87C99-9366-4D2E-B07B-38232787FF04}
	EndGlobalSection
EndGlobal
